
Microsoft Visual Studio Solution File, Format Version 12.00
# Visual Studio Version 16
VisualStudioVersion = 16.0.30413.136
MinimumVisualStudioVersion = 10.0.40219.1
Project("{FAE04EC0-301F-11D3-BF4B-00C04F79EFBC}") = "OrderServiceChallenge", "OrderServiceChallenge\OrderServiceChallenge.csproj", "{CF670957-38A2-4B0B-8FD6-A5496CD1B7CF}"
EndProject
Global
	GlobalSection(SolutionConfigurationPlatforms) = preSolution
		Debug|Any CPU = Debug|Any CPU
		Release|Any CPU = Release|Any CPU
	EndGlobalSection
	GlobalSection(ProjectConfigurationPlatforms) = postSolution
		{CF670957-38A2-4B0B-8FD6-A5496CD1B7CF}.Debug|Any CPU.ActiveCfg = Debug|Any CPU
		{CF670957-38A2-4B0B-8FD6-A5496CD1B7CF}.Debug|Any CPU.Build.0 = Debug|Any CPU
		{CF670957-38A2-4B0B-8FD6-A5496CD1B7CF}.Release|Any CPU.ActiveCfg = Release|Any CPU
		{CF670957-38A2-4B0B-8FD6-A5496CD1B7CF}.Release|Any CPU.Build.0 = Release|Any CPU
	EndGlobalSection
	GlobalSection(SolutionProperties) = preSolution
		HideSolutionNode = FALSE
	EndGlobalSection
	GlobalSection(ExtensibilityGlobals) = postSolution
		SolutionGuid = {F4E6E718-A58E-43D8-A129-FDECD3CA3B73}
	EndGlobalSection
EndGlobal
